
Microsoft Visual Studio Solution File, Format Version 12.00
# Visual Studio Version 17
VisualStudioVersion = 17.2.32505.173
MinimumVisualStudioVersion = 10.0.40219.1
Project("{FAE04EC0-301F-11D3-BF4B-00C04F79EFBC}") = "Reservations.Api", "Reservations.Api\Reservations.Api.csproj", "{0AD0E447-138A-4BBD-830B-2DCF921D28E7}"
EndProject
Project("{E24C65DC-7377-472B-9ABA-BC803B73C61A}") = "Reservations.UI", "Reservations.UI\", "{66C6897B-F0D0-483D-96AC-F87264F8A123}"
	ProjectSection(WebsiteProperties) = preProject
		TargetFrameworkMoniker = ".NETFramework,Version%3Dv4.0"
		Debug.AspNetCompiler.VirtualPath = "/localhost_51703"
		Debug.AspNetCompiler.PhysicalPath = "Reservations.UI\"
		Debug.AspNetCompiler.TargetPath = "PrecompiledWeb\localhost_51703\"
		Debug.AspNetCompiler.Updateable = "true"
		Debug.AspNetCompiler.ForceOverwrite = "true"
		Debug.AspNetCompiler.FixedNames = "false"
		Debug.AspNetCompiler.Debug = "True"
		Release.AspNetCompiler.VirtualPath = "/localhost_51703"
		Release.AspNetCompiler.PhysicalPath = "Reservations.UI\"
		Release.AspNetCompiler.TargetPath = "PrecompiledWeb\localhost_51703\"
		Release.AspNetCompiler.Updateable = "true"
		Release.AspNetCompiler.ForceOverwrite = "true"
		Release.AspNetCompiler.FixedNames = "false"
		Release.AspNetCompiler.Debug = "False"
		VWDPort = "51703"
		SlnRelativePath = "Reservations.UI\"
	EndProjectSection
EndProject
Global
	GlobalSection(SolutionConfigurationPlatforms) = preSolution
		Debug|Any CPU = Debug|Any CPU
		Release|Any CPU = Release|Any CPU
	EndGlobalSection
	GlobalSection(ProjectConfigurationPlatforms) = postSolution
		{0AD0E447-138A-4BBD-830B-2DCF921D28E7}.Debug|Any CPU.ActiveCfg = Debug|Any CPU
		{0AD0E447-138A-4BBD-830B-2DCF921D28E7}.Debug|Any CPU.Build.0 = Debug|Any CPU
		{0AD0E447-138A-4BBD-830B-2DCF921D28E7}.Release|Any CPU.ActiveCfg = Release|Any CPU
		{0AD0E447-138A-4BBD-830B-2DCF921D28E7}.Release|Any CPU.Build.0 = Release|Any CPU
		{66C6897B-F0D0-483D-96AC-F87264F8A123}.Debug|Any CPU.ActiveCfg = Debug|Any CPU
		{66C6897B-F0D0-483D-96AC-F87264F8A123}.Debug|Any CPU.Build.0 = Debug|Any CPU
		{66C6897B-F0D0-483D-96AC-F87264F8A123}.Release|Any CPU.ActiveCfg = Debug|Any CPU
		{66C6897B-F0D0-483D-96AC-F87264F8A123}.Release|Any CPU.Build.0 = Debug|Any CPU
	EndGlobalSection
	GlobalSection(SolutionProperties) = preSolution
		HideSolutionNode = FALSE
	EndGlobalSection
	GlobalSection(ExtensibilityGlobals) = postSolution
		SolutionGuid = {249ADA59-4E1D-4C19-8962-5FE665D5ADCC}
	EndGlobalSection
EndGlobal
